
Microsoft Visual Studio Solution File, Format Version 12.00
# Visual Studio Version 17
VisualStudioVersion = 17.6.33829.357
MinimumVisualStudioVersion = 10.0.40219.1
Project("{FAE04EC0-301F-11D3-BF4B-00C04F79EFBC}") = "CourseSystem", "CourseSystem\CourseSystem.csproj", "{EBCB7077-0A32-4438-9FFF-C13EC563642C}"
EndProject
Global
	GlobalSection(SolutionConfigurationPlatforms) = preSolution
		Debug|Any CPU = Debug|Any CPU
		Release|Any CPU = Release|Any CPU
	EndGlobalSection
	GlobalSection(ProjectConfigurationPlatforms) = postSolution
		{EBCB7077-0A32-4438-9FFF-C13EC563642C}.Debug|Any CPU.ActiveCfg = Debug|Any CPU
		{EBCB7077-0A32-4438-9FFF-C13EC563642C}.Debug|Any CPU.Build.0 = Debug|Any CPU
		{EBCB7077-0A32-4438-9FFF-C13EC563642C}.Release|Any CPU.ActiveCfg = Release|Any CPU
		{EBCB7077-0A32-4438-9FFF-C13EC563642C}.Release|Any CPU.Build.0 = Release|Any CPU
	EndGlobalSection
	GlobalSection(SolutionProperties) = preSolution
		HideSolutionNode = FALSE
	EndGlobalSection
	GlobalSection(ExtensibilityGlobals) = postSolution
		SolutionGuid = {1FE5CA07-4A76-408A-9BBB-5825A29B7F38}
	EndGlobalSection
EndGlobal
